// !$*UTF8*$!
{
	archiveVersion = 1;
	classes = {
	};
	objectVersion = 46;
	objects = {

/* Begin PBXBuildFile section */
		097D3C5AF068B859D752D25C /* Pods_Iris_Manager.framework in Frameworks */ = {isa = PBXBuildFile; fileRef = D4DE125A6E3C0A7D656F4993 /* Pods_Iris_Manager.framework */; };
		5301748C1ED695400019FF05 /* ProcessingStallCell.swift in Sources */ = {isa = PBXBuildFile; fileRef = 5301748B1ED695400019FF05 /* ProcessingStallCell.swift */; };
		531352911EC533AC00F51BC1 /* InternetReachabilityManager.swift in Sources */ = {isa = PBXBuildFile; fileRef = 531352901EC533AC00F51BC1 /* InternetReachabilityManager.swift */; };
		531B2DFB1EC3FAFE00E7EEE9 /* StallSplitViewController.swift in Sources */ = {isa = PBXBuildFile; fileRef = 531B2DFA1EC3FAFE00E7EEE9 /* StallSplitViewController.swift */; };
		537566F11EB475CF00F5467F /* IrisAPI.swift in Sources */ = {isa = PBXBuildFile; fileRef = 537566F01EB475CF00F5467F /* IrisAPI.swift */; };
		537566F81EB49D4100F5467F /* ProductUpdateSkeleton.swift in Sources */ = {isa = PBXBuildFile; fileRef = 537566F71EB49D4100F5467F /* ProductUpdateSkeleton.swift */; };
		53795C2C1ECD120300FD0B1E /* Authentication.swift in Sources */ = {isa = PBXBuildFile; fileRef = 53795C2B1ECD120300FD0B1E /* Authentication.swift */; };
		538BFF891EC7674200E16756 /* StatusIndicatorView.swift in Sources */ = {isa = PBXBuildFile; fileRef = 538BFF881EC7674200E16756 /* StatusIndicatorView.swift */; };
		538BFF8B1EC7D7A000E16756 /* StatusIndicatorView.xib in Resources */ = {isa = PBXBuildFile; fileRef = 538BFF8A1EC7D7A000E16756 /* StatusIndicatorView.xib */; };
		53A74BC11EB99DE800D497DB /* StallListVC.swift in Sources */ = {isa = PBXBuildFile; fileRef = 53A74BC01EB99DE800D497DB /* StallListVC.swift */; };
		53B846DF1EB3494200C1227C /* Stall.swift in Sources */ = {isa = PBXBuildFile; fileRef = 53B846DE1EB3494200C1227C /* Stall.swift */; };
		53B846E21EB3498D00C1227C /* Product.swift in Sources */ = {isa = PBXBuildFile; fileRef = 53B846E11EB3498D00C1227C /* Product.swift */; };
		53B846E81EB34E9B00C1227C /* BaseURL.swift in Sources */ = {isa = PBXBuildFile; fileRef = 53B846E71EB34E9B00C1227C /* BaseURL.swift */; };
		53B8DDD81EC1E403007894A8 /* IrisProvider.swift in Sources */ = {isa = PBXBuildFile; fileRef = 53B8DDD71EC1E403007894A8 /* IrisProvider.swift */; };
		53BB0AC61EAC4A3800870A95 /* AppDelegate.swift in Sources */ = {isa = PBXBuildFile; fileRef = 53BB0AC51EAC4A3800870A95 /* AppDelegate.swift */; };
		53BB0ACB1EAC4A3800870A95 /* Main.storyboard in Resources */ = {isa = PBXBuildFile; fileRef = 53BB0AC91EAC4A3800870A95 /* Main.storyboard */; };
		53BB0ACD1EAC4A3800870A95 /* Assets.xcassets in Resources */ = {isa = PBXBuildFile; fileRef = 53BB0ACC1EAC4A3800870A95 /* Assets.xcassets */; };
		53BB0AD01EAC4A3800870A95 /* LaunchScreen.storyboard in Resources */ = {isa = PBXBuildFile; fileRef = 53BB0ACE1EAC4A3800870A95 /* LaunchScreen.storyboard */; };
		53C3BA591EAC8E6800B15AA0 /* SignInVC.swift in Sources */ = {isa = PBXBuildFile; fileRef = 53C3BA581EAC8E6800B15AA0 /* SignInVC.swift */; };
		6135503A403CE37B80D45CB7 /* ModelType.swift in Sources */ = {isa = PBXBuildFile; fileRef = 6135568E6CF4AC4A548A4C34 /* ModelType.swift */; };
		61355792695E12CA1E3B3826 /* AuthenticationPersistence.swift in Sources */ = {isa = PBXBuildFile; fileRef = 61355B071A3CE58BC5C7D93A /* AuthenticationPersistence.swift */; };
		61355982EA115EDC2E3A26D7 /* JSONDeserializer.swift in Sources */ = {isa = PBXBuildFile; fileRef = 6135534896341EBBC3D0F29A /* JSONDeserializer.swift */; };
		613559F1236E99A992E5C724 /* ProductEntityRetriever.swift in Sources */ = {isa = PBXBuildFile; fileRef = 61355257FF0179201AA444E6 /* ProductEntityRetriever.swift */; };
		61355AE8412E514B55C1866A /* StallPersistence.swift in Sources */ = {isa = PBXBuildFile; fileRef = 613556307C738D7F4E8A28E1 /* StallPersistence.swift */; };
		61355E253289705EAAE92C16 /* LastUpdated.swift in Sources */ = {isa = PBXBuildFile; fileRef = 6135570F3B090A2FD5DC35C9 /* LastUpdated.swift */; };
/* End PBXBuildFile section */

/* Begin PBXFileReference section */
		30065D895E608E436FD93A61 /* Pods-Iris Manager.debug.xcconfig */ = {isa = PBXFileReference; includeInIndex = 1; lastKnownFileType = text.xcconfig; name = "Pods-Iris Manager.debug.xcconfig"; path = "Pods/Target Support Files/Pods-Iris Manager/Pods-Iris Manager.debug.xcconfig"; sourceTree = "<group>"; };
		5301748B1ED695400019FF05 /* ProcessingStallCell.swift */ = {isa = PBXFileReference; fileEncoding = 4; lastKnownFileType = sourcecode.swift; path = ProcessingStallCell.swift; sourceTree = "<group>"; };
		531352901EC533AC00F51BC1 /* InternetReachabilityManager.swift */ = {isa = PBXFileReference; fileEncoding = 4; lastKnownFileType = sourcecode.swift; path = InternetReachabilityManager.swift; sourceTree = "<group>"; };
		531B2DFA1EC3FAFE00E7EEE9 /* StallSplitViewController.swift */ = {isa = PBXFileReference; fileEncoding = 4; lastKnownFileType = sourcecode.swift; path = StallSplitViewController.swift; sourceTree = "<group>"; };
		537566F01EB475CF00F5467F /* IrisAPI.swift */ = {isa = PBXFileReference; fileEncoding = 4; lastKnownFileType = sourcecode.swift; path = IrisAPI.swift; sourceTree = "<group>"; };
		537566F71EB49D4100F5467F /* ProductUpdateSkeleton.swift */ = {isa = PBXFileReference; fileEncoding = 4; lastKnownFileType = sourcecode.swift; path = ProductUpdateSkeleton.swift; sourceTree = "<group>"; };
		53795C2B1ECD120300FD0B1E /* Authentication.swift */ = {isa = PBXFileReference; fileEncoding = 4; lastKnownFileType = sourcecode.swift; path = Authentication.swift; sourceTree = "<group>"; };
		538BFF881EC7674200E16756 /* StatusIndicatorView.swift */ = {isa = PBXFileReference; fileEncoding = 4; lastKnownFileType = sourcecode.swift; path = StatusIndicatorView.swift; sourceTree = "<group>"; };
		538BFF8A1EC7D7A000E16756 /* StatusIndicatorView.xib */ = {isa = PBXFileReference; fileEncoding = 4; lastKnownFileType = file.xib; path = StatusIndicatorView.xib; sourceTree = "<group>"; };
		53A74BC01EB99DE800D497DB /* StallListVC.swift */ = {isa = PBXFileReference; fileEncoding = 4; lastKnownFileType = sourcecode.swift; path = StallListVC.swift; sourceTree = "<group>"; };
		53B846DE1EB3494200C1227C /* Stall.swift */ = {isa = PBXFileReference; fileEncoding = 4; lastKnownFileType = sourcecode.swift; path = Stall.swift; sourceTree = "<group>"; };
		53B846E11EB3498D00C1227C /* Product.swift */ = {isa = PBXFileReference; fileEncoding = 4; lastKnownFileType = sourcecode.swift; path = Product.swift; sourceTree = "<group>"; };
		53B846E71EB34E9B00C1227C /* BaseURL.swift */ = {isa = PBXFileReference; fileEncoding = 4; lastKnownFileType = sourcecode.swift; path = BaseURL.swift; sourceTree = "<group>"; };
		53B8DDD71EC1E403007894A8 /* IrisProvider.swift */ = {isa = PBXFileReference; fileEncoding = 4; lastKnownFileType = sourcecode.swift; path = IrisProvider.swift; sourceTree = "<group>"; };
		53BB0AC21EAC4A3800870A95 /* Iris Manager.app */ = {isa = PBXFileReference; explicitFileType = wrapper.application; includeInIndex = 0; path = "Iris Manager.app"; sourceTree = BUILT_PRODUCTS_DIR; };
		53BB0AC51EAC4A3800870A95 /* AppDelegate.swift */ = {isa = PBXFileReference; lastKnownFileType = sourcecode.swift; path = AppDelegate.swift; sourceTree = "<group>"; };
		53BB0ACA1EAC4A3800870A95 /* Base */ = {isa = PBXFileReference; lastKnownFileType = file.storyboard; name = Base; path = Base.lproj/Main.storyboard; sourceTree = "<group>"; };
		53BB0ACC1EAC4A3800870A95 /* Assets.xcassets */ = {isa = PBXFileReference; lastKnownFileType = folder.assetcatalog; path = Assets.xcassets; sourceTree = "<group>"; };
		53BB0ACF1EAC4A3800870A95 /* Base */ = {isa = PBXFileReference; lastKnownFileType = file.storyboard; name = Base; path = Base.lproj/LaunchScreen.storyboard; sourceTree = "<group>"; };
		53BB0AD11EAC4A3800870A95 /* Info.plist */ = {isa = PBXFileReference; lastKnownFileType = text.plist.xml; path = Info.plist; sourceTree = "<group>"; };
		53C3BA581EAC8E6800B15AA0 /* SignInVC.swift */ = {isa = PBXFileReference; fileEncoding = 4; lastKnownFileType = sourcecode.swift; path = SignInVC.swift; sourceTree = "<group>"; };
		61355257FF0179201AA444E6 /* ProductEntityRetriever.swift */ = {isa = PBXFileReference; fileEncoding = 4; lastKnownFileType = sourcecode.swift; path = ProductEntityRetriever.swift; sourceTree = "<group>"; };
		6135534896341EBBC3D0F29A /* JSONDeserializer.swift */ = {isa = PBXFileReference; fileEncoding = 4; lastKnownFileType = sourcecode.swift; path = JSONDeserializer.swift; sourceTree = "<group>"; };
		613556307C738D7F4E8A28E1 /* StallPersistence.swift */ = {isa = PBXFileReference; fileEncoding = 4; lastKnownFileType = sourcecode.swift; path = StallPersistence.swift; sourceTree = "<group>"; };
		6135568E6CF4AC4A548A4C34 /* ModelType.swift */ = {isa = PBXFileReference; fileEncoding = 4; lastKnownFileType = sourcecode.swift; path = ModelType.swift; sourceTree = "<group>"; };
		6135570F3B090A2FD5DC35C9 /* LastUpdated.swift */ = {isa = PBXFileReference; fileEncoding = 4; lastKnownFileType = sourcecode.swift; path = LastUpdated.swift; sourceTree = "<group>"; };
		61355B071A3CE58BC5C7D93A /* AuthenticationPersistence.swift */ = {isa = PBXFileReference; fileEncoding = 4; lastKnownFileType = sourcecode.swift; path = AuthenticationPersistence.swift; sourceTree = "<group>"; };
		D4DE125A6E3C0A7D656F4993 /* Pods_Iris_Manager.framework */ = {isa = PBXFileReference; explicitFileType = wrapper.framework; includeInIndex = 0; path = Pods_Iris_Manager.framework; sourceTree = BUILT_PRODUCTS_DIR; };
		E39D0FECB8F38255A555F937 /* Pods-Iris Manager.release.xcconfig */ = {isa = PBXFileReference; includeInIndex = 1; lastKnownFileType = text.xcconfig; name = "Pods-Iris Manager.release.xcconfig"; path = "Pods/Target Support Files/Pods-Iris Manager/Pods-Iris Manager.release.xcconfig"; sourceTree = "<group>"; };
/* End PBXFileReference section */

/* Begin PBXFrameworksBuildPhase section */
		53BB0ABF1EAC4A3800870A95 /* Frameworks */ = {
			isa = PBXFrameworksBuildPhase;
			buildActionMask = 2147483647;
			files = (
				097D3C5AF068B859D752D25C /* Pods_Iris_Manager.framework in Frameworks */,
			);
			runOnlyForDeploymentPostprocessing = 0;
		};
/* End PBXFrameworksBuildPhase section */

/* Begin PBXGroup section */
		13423456F43B844E35D56EA3 /* Pods */ = {
			isa = PBXGroup;
			children = (
				30065D895E608E436FD93A61 /* Pods-Iris Manager.debug.xcconfig */,
				E39D0FECB8F38255A555F937 /* Pods-Iris Manager.release.xcconfig */,
			);
			name = Pods;
			sourceTree = "<group>";
		};
		537566F21EB499D800F5467F /* EntityRetrievers */ = {
			isa = PBXGroup;
			children = (
				61355257FF0179201AA444E6 /* ProductEntityRetriever.swift */,
			);
			name = EntityRetrievers;
			sourceTree = "<group>";
		};
		537566F61EB49D3500F5467F /* Update Skeletons */ = {
			isa = PBXGroup;
			children = (
				537566F71EB49D4100F5467F /* ProductUpdateSkeleton.swift */,
			);
			name = "Update Skeletons";
			sourceTree = "<group>";
		};
		53795C2A1ECD119F00FD0B1E /* Functional Core */ = {
			isa = PBXGroup;
			children = (
				53795C2B1ECD120300FD0B1E /* Authentication.swift */,
				6135534896341EBBC3D0F29A /* JSONDeserializer.swift */,
				61355380E6CB6143EF500557 /* Persistence */,
			);
			name = "Functional Core";
			sourceTree = "<group>";
		};
		538BFF871EC7672D00E16756 /* Views */ = {
			isa = PBXGroup;
			children = (
				53BB0ACE1EAC4A3800870A95 /* LaunchScreen.storyboard */,
				53BB0AC91EAC4A3800870A95 /* Main.storyboard */,
				538BFF8A1EC7D7A000E16756 /* StatusIndicatorView.xib */,
				538BFF881EC7674200E16756 /* StatusIndicatorView.swift */,
				5301748B1ED695400019FF05 /* ProcessingStallCell.swift */,
			);
			name = Views;
			sourceTree = "<group>";
		};
		53A74BBF1EB99DD900D497DB /* View Controllers */ = {
			isa = PBXGroup;
			children = (
				53C3BA581EAC8E6800B15AA0 /* SignInVC.swift */,
				53A74BC01EB99DE800D497DB /* StallListVC.swift */,
				531B2DFA1EC3FAFE00E7EEE9 /* StallSplitViewController.swift */,
			);
			name = "View Controllers";
			sourceTree = "<group>";
		};
		53B846E01EB3494700C1227C /* Models */ = {
			isa = PBXGroup;
			children = (
				53B846E11EB3498D00C1227C /* Product.swift */,
				53B846DE1EB3494200C1227C /* Stall.swift */,
				537566F61EB49D3500F5467F /* Update Skeletons */,
				6135568E6CF4AC4A548A4C34 /* ModelType.swift */,
			);
			name = Models;
			sourceTree = "<group>";
		};
		53BB0AB91EAC4A3800870A95 = {
			isa = PBXGroup;
			children = (
				53BB0AC41EAC4A3800870A95 /* Iris Manager */,
				53BB0AC31EAC4A3800870A95 /* Products */,
				13423456F43B844E35D56EA3 /* Pods */,
				DB9D2170C43245D4192E4994 /* Frameworks */,
			);
			sourceTree = "<group>";
		};
		53BB0AC31EAC4A3800870A95 /* Products */ = {
			isa = PBXGroup;
			children = (
				53BB0AC21EAC4A3800870A95 /* Iris Manager.app */,
			);
			name = Products;
			sourceTree = "<group>";
		};
		53BB0AC41EAC4A3800870A95 /* Iris Manager */ = {
			isa = PBXGroup;
			children = (
				53BB0AC51EAC4A3800870A95 /* AppDelegate.swift */,
				53BB0ACC1EAC4A3800870A95 /* Assets.xcassets */,
				53BB0AD11EAC4A3800870A95 /* Info.plist */,
				538BFF871EC7672D00E16756 /* Views */,
				53B846E01EB3494700C1227C /* Models */,
				53C3BA551EAC8D5C00B15AA0 /* Controllers */,
			);
			path = "Iris Manager";
			sourceTree = "<group>";
		};
		53C3BA551EAC8D5C00B15AA0 /* Controllers */ = {
			isa = PBXGroup;
			children = (
				53795C2A1ECD119F00FD0B1E /* Functional Core */,
				53A74BBF1EB99DD900D497DB /* View Controllers */,
				53ED51B21EAEDEB0001AE99C /* Network */,
				537566F21EB499D800F5467F /* EntityRetrievers */,
			);
			name = Controllers;
			sourceTree = "<group>";
		};
		53ED51B21EAEDEB0001AE99C /* Network */ = {
			isa = PBXGroup;
			children = (
				53B846E71EB34E9B00C1227C /* BaseURL.swift */,
				537566F01EB475CF00F5467F /* IrisAPI.swift */,
				53B8DDD71EC1E403007894A8 /* IrisProvider.swift */,
				531352901EC533AC00F51BC1 /* InternetReachabilityManager.swift */,
			);
			name = Network;
			sourceTree = "<group>";
		};
		61355380E6CB6143EF500557 /* Persistence */ = {
			isa = PBXGroup;
			children = (
				613556307C738D7F4E8A28E1 /* StallPersistence.swift */,
				61355B071A3CE58BC5C7D93A /* AuthenticationPersistence.swift */,
				6135570F3B090A2FD5DC35C9 /* LastUpdated.swift */,
			);
			name = Persistence;
			sourceTree = "<group>";
		};
		DB9D2170C43245D4192E4994 /* Frameworks */ = {
			isa = PBXGroup;
			children = (
				D4DE125A6E3C0A7D656F4993 /* Pods_Iris_Manager.framework */,
			);
			name = Frameworks;
			sourceTree = "<group>";
		};
/* End PBXGroup section */

/* Begin PBXNativeTarget section */
		53BB0AC11EAC4A3800870A95 /* Iris Manager */ = {
			isa = PBXNativeTarget;
			buildConfigurationList = 53BB0AD41EAC4A3800870A95 /* Build configuration list for PBXNativeTarget "Iris Manager" */;
			buildPhases = (
				A4C811D211AFB7D319620690 /* [CP] Check Pods Manifest.lock */,
				53BB0ABE1EAC4A3800870A95 /* Sources */,
				53BB0ABF1EAC4A3800870A95 /* Frameworks */,
				53BB0AC01EAC4A3800870A95 /* Resources */,
				B67922AF5CF318F2F0C1A399 /* [CP] Embed Pods Frameworks */,
				909C9B2F6CAD42C8BC21112B /* [CP] Copy Pods Resources */,
			);
			buildRules = (
			);
			dependencies = (
			);
			name = "Iris Manager";
			productName = "Iris Manager";
			productReference = 53BB0AC21EAC4A3800870A95 /* Iris Manager.app */;
			productType = "com.apple.product-type.application";
		};
/* End PBXNativeTarget section */

/* Begin PBXProject section */
		53BB0ABA1EAC4A3800870A95 /* Project object */ = {
			isa = PBXProject;
			attributes = {
				LastSwiftUpdateCheck = 0830;
				LastUpgradeCheck = 0830;
				ORGANIZATIONNAME = Axis;
				TargetAttributes = {
					53BB0AC11EAC4A3800870A95 = {
						CreatedOnToolsVersion = 8.3.1;
						DevelopmentTeam = PJX39ST98L;
						ProvisioningStyle = Automatic;
					};
				};
			};
			buildConfigurationList = 53BB0ABD1EAC4A3800870A95 /* Build configuration list for PBXProject "Iris Manager" */;
			compatibilityVersion = "Xcode 3.2";
			developmentRegion = English;
			hasScannedForEncodings = 0;
			knownRegions = (
				en,
				Base,
			);
			mainGroup = 53BB0AB91EAC4A3800870A95;
			productRefGroup = 53BB0AC31EAC4A3800870A95 /* Products */;
			projectDirPath = "";
			projectRoot = "";
			targets = (
				53BB0AC11EAC4A3800870A95 /* Iris Manager */,
			);
		};
/* End PBXProject section */

/* Begin PBXResourcesBuildPhase section */
		53BB0AC01EAC4A3800870A95 /* Resources */ = {
			isa = PBXResourcesBuildPhase;
			buildActionMask = 2147483647;
			files = (
				538BFF8B1EC7D7A000E16756 /* StatusIndicatorView.xib in Resources */,
				53BB0AD01EAC4A3800870A95 /* LaunchScreen.storyboard in Resources */,
				53BB0ACD1EAC4A3800870A95 /* Assets.xcassets in Resources */,
				53BB0ACB1EAC4A3800870A95 /* Main.storyboard in Resources */,
			);
			runOnlyForDeploymentPostprocessing = 0;
		};
/* End PBXResourcesBuildPhase section */

/* Begin PBXShellScriptBuildPhase section */
		909C9B2F6CAD42C8BC21112B /* [CP] Copy Pods Resources */ = {
			isa = PBXShellScriptBuildPhase;
			buildActionMask = 2147483647;
			files = (
			);
			inputPaths = (
			);
			name = "[CP] Copy Pods Resources";
			outputPaths = (
			);
			runOnlyForDeploymentPostprocessing = 0;
			shellPath = /bin/sh;
			shellScript = "\"${SRCROOT}/Pods/Target Support Files/Pods-Iris Manager/Pods-Iris Manager-resources.sh\"\n";
			showEnvVarsInLog = 0;
		};
		A4C811D211AFB7D319620690 /* [CP] Check Pods Manifest.lock */ = {
			isa = PBXShellScriptBuildPhase;
			buildActionMask = 2147483647;
			files = (
			);
			inputPaths = (
			);
			name = "[CP] Check Pods Manifest.lock";
			outputPaths = (
			);
			runOnlyForDeploymentPostprocessing = 0;
			shellPath = /bin/sh;
			shellScript = "diff \"${PODS_ROOT}/../Podfile.lock\" \"${PODS_ROOT}/Manifest.lock\" > /dev/null\nif [ $? != 0 ] ; then\n    # print error to STDERR\n    echo \"error: The sandbox is not in sync with the Podfile.lock. Run 'pod install' or update your CocoaPods installation.\" >&2\n    exit 1\nfi\n";
			showEnvVarsInLog = 0;
		};
		B67922AF5CF318F2F0C1A399 /* [CP] Embed Pods Frameworks */ = {
			isa = PBXShellScriptBuildPhase;
			buildActionMask = 2147483647;
			files = (
			);
			inputPaths = (
			);
			name = "[CP] Embed Pods Frameworks";
			outputPaths = (
			);
			runOnlyForDeploymentPostprocessing = 0;
			shellPath = /bin/sh;
			shellScript = "\"${SRCROOT}/Pods/Target Support Files/Pods-Iris Manager/Pods-Iris Manager-frameworks.sh\"\n";
			showEnvVarsInLog = 0;
		};
/* End PBXShellScriptBuildPhase section */

/* Begin PBXSourcesBuildPhase section */
		53BB0ABE1EAC4A3800870A95 /* Sources */ = {
			isa = PBXSourcesBuildPhase;
			buildActionMask = 2147483647;
			files = (
				53B846E81EB34E9B00C1227C /* BaseURL.swift in Sources */,
				537566F81EB49D4100F5467F /* ProductUpdateSkeleton.swift in Sources */,
				537566F11EB475CF00F5467F /* IrisAPI.swift in Sources */,
				53A74BC11EB99DE800D497DB /* StallListVC.swift in Sources */,
				53B846DF1EB3494200C1227C /* Stall.swift in Sources */,
				531352911EC533AC00F51BC1 /* InternetReachabilityManager.swift in Sources */,
				53BB0AC61EAC4A3800870A95 /* AppDelegate.swift in Sources */,
				53795C2C1ECD120300FD0B1E /* Authentication.swift in Sources */,
				53C3BA591EAC8E6800B15AA0 /* SignInVC.swift in Sources */,
				53B8DDD81EC1E403007894A8 /* IrisProvider.swift in Sources */,
				53B846E21EB3498D00C1227C /* Product.swift in Sources */,
				531B2DFB1EC3FAFE00E7EEE9 /* StallSplitViewController.swift in Sources */,
				538BFF891EC7674200E16756 /* StatusIndicatorView.swift in Sources */,
				613559F1236E99A992E5C724 /* ProductEntityRetriever.swift in Sources */,
				61355AE8412E514B55C1866A /* StallPersistence.swift in Sources */,
				61355792695E12CA1E3B3826 /* AuthenticationPersistence.swift in Sources */,
				61355982EA115EDC2E3A26D7 /* JSONDeserializer.swift in Sources */,
				61355E253289705EAAE92C16 /* LastUpdated.swift in Sources */,
				5301748C1ED695400019FF05 /* ProcessingStallCell.swift in Sources */,
				6135503A403CE37B80D45CB7 /* ModelType.swift in Sources */,
			);
			runOnlyForDeploymentPostprocessing = 0;
		};
/* End PBXSourcesBuildPhase section */

/* Begin PBXVariantGroup section */
		53BB0AC91EAC4A3800870A95 /* Main.storyboard */ = {
			isa = PBXVariantGroup;
			children = (
				53BB0ACA1EAC4A3800870A95 /* Base */,
			);
			name = Main.storyboard;
			sourceTree = "<group>";
		};
		53BB0ACE1EAC4A3800870A95 /* LaunchScreen.storyboard */ = {
			isa = PBXVariantGroup;
			children = (
				53BB0ACF1EAC4A3800870A95 /* Base */,
			);
			name = LaunchScreen.storyboard;
			sourceTree = "<group>";
		};
/* End PBXVariantGroup section */

/* Begin XCBuildConfiguration section */
		53BB0AD21EAC4A3800870A95 /* Debug */ = {
			isa = XCBuildConfiguration;
			buildSettings = {
				ALWAYS_SEARCH_USER_PATHS = NO;
				CLANG_ANALYZER_NONNULL = YES;
				CLANG_ANALYZER_NUMBER_OBJECT_CONVERSION = YES_AGGRESSIVE;
				CLANG_CXX_LANGUAGE_STANDARD = "gnu++0x";
				CLANG_CXX_LIBRARY = "libc++";
				CLANG_ENABLE_MODULES = YES;
				CLANG_ENABLE_OBJC_ARC = YES;
				CLANG_WARN_BOOL_CONVERSION = YES;
				CLANG_WARN_CONSTANT_CONVERSION = YES;
				CLANG_WARN_DIRECT_OBJC_ISA_USAGE = YES_ERROR;
				CLANG_WARN_DOCUMENTATION_COMMENTS = YES;
				CLANG_WARN_EMPTY_BODY = YES;
				CLANG_WARN_ENUM_CONVERSION = YES;
				CLANG_WARN_INFINITE_RECURSION = YES;
				CLANG_WARN_INT_CONVERSION = YES;
				CLANG_WARN_OBJC_ROOT_CLASS = YES_ERROR;
				CLANG_WARN_SUSPICIOUS_MOVE = YES;
				CLANG_WARN_UNREACHABLE_CODE = YES;
				CLANG_WARN__DUPLICATE_METHOD_MATCH = YES;
				"CODE_SIGN_IDENTITY[sdk=iphoneos*]" = "iPhone Developer";
				COPY_PHASE_STRIP = NO;
				DEBUG_INFORMATION_FORMAT = dwarf;
				ENABLE_STRICT_OBJC_MSGSEND = YES;
				ENABLE_TESTABILITY = YES;
				GCC_C_LANGUAGE_STANDARD = gnu99;
				GCC_DYNAMIC_NO_PIC = NO;
				GCC_NO_COMMON_BLOCKS = YES;
				GCC_OPTIMIZATION_LEVEL = 0;
				GCC_PREPROCESSOR_DEFINITIONS = (
					"DEBUG=1",
					"$(inherited)",
				);
				GCC_WARN_64_TO_32_BIT_CONVERSION = YES;
				GCC_WARN_ABOUT_RETURN_TYPE = YES_ERROR;
				GCC_WARN_UNDECLARED_SELECTOR = YES;
				GCC_WARN_UNINITIALIZED_AUTOS = YES_AGGRESSIVE;
				GCC_WARN_UNUSED_FUNCTION = YES;
				GCC_WARN_UNUSED_VARIABLE = YES;
				IPHONEOS_DEPLOYMENT_TARGET = 10.3;
				MTL_ENABLE_DEBUG_INFO = YES;
				ONLY_ACTIVE_ARCH = YES;
				SDKROOT = iphoneos;
				SWIFT_ACTIVE_COMPILATION_CONDITIONS = DEBUG;
				SWIFT_OPTIMIZATION_LEVEL = "-Onone";
				TARGETED_DEVICE_FAMILY = "1,2";
			};
			name = Debug;
		};
		53BB0AD31EAC4A3800870A95 /* Release */ = {
			isa = XCBuildConfiguration;
			buildSettings = {
				ALWAYS_SEARCH_USER_PATHS = NO;
				CLANG_ANALYZER_NONNULL = YES;
				CLANG_ANALYZER_NUMBER_OBJECT_CONVERSION = YES_AGGRESSIVE;
				CLANG_CXX_LANGUAGE_STANDARD = "gnu++0x";
				CLANG_CXX_LIBRARY = "libc++";
				CLANG_ENABLE_MODULES = YES;
				CLANG_ENABLE_OBJC_ARC = YES;
				CLANG_WARN_BOOL_CONVERSION = YES;
				CLANG_WARN_CONSTANT_CONVERSION = YES;
				CLANG_WARN_DIRECT_OBJC_ISA_USAGE = YES_ERROR;
				CLANG_WARN_DOCUMENTATION_COMMENTS = YES;
				CLANG_WARN_EMPTY_BODY = YES;
				CLANG_WARN_ENUM_CONVERSION = YES;
				CLANG_WARN_INFINITE_RECURSION = YES;
				CLANG_WARN_INT_CONVERSION = YES;
				CLANG_WARN_OBJC_ROOT_CLASS = YES_ERROR;
				CLANG_WARN_SUSPICIOUS_MOVE = YES;
				CLANG_WARN_UNREACHABLE_CODE = YES;
				CLANG_WARN__DUPLICATE_METHOD_MATCH = YES;
				"CODE_SIGN_IDENTITY[sdk=iphoneos*]" = "iPhone Developer";
				COPY_PHASE_STRIP = NO;
				DEBUG_INFORMATION_FORMAT = "dwarf-with-dsym";
				ENABLE_NS_ASSERTIONS = NO;
				ENABLE_STRICT_OBJC_MSGSEND = YES;
				GCC_C_LANGUAGE_STANDARD = gnu99;
				GCC_NO_COMMON_BLOCKS = YES;
				GCC_WARN_64_TO_32_BIT_CONVERSION = YES;
				GCC_WARN_ABOUT_RETURN_TYPE = YES_ERROR;
				GCC_WARN_UNDECLARED_SELECTOR = YES;
				GCC_WARN_UNINITIALIZED_AUTOS = YES_AGGRESSIVE;
				GCC_WARN_UNUSED_FUNCTION = YES;
				GCC_WARN_UNUSED_VARIABLE = YES;
				IPHONEOS_DEPLOYMENT_TARGET = 10.3;
				MTL_ENABLE_DEBUG_INFO = NO;
				SDKROOT = iphoneos;
				SWIFT_OPTIMIZATION_LEVEL = "-Owholemodule";
				TARGETED_DEVICE_FAMILY = "1,2";
				VALIDATE_PRODUCT = YES;
			};
			name = Release;
		};
		53BB0AD51EAC4A3800870A95 /* Debug */ = {
			isa = XCBuildConfiguration;
			baseConfigurationReference = 30065D895E608E436FD93A61 /* Pods-Iris Manager.debug.xcconfig */;
			buildSettings = {
				ALWAYS_EMBED_SWIFT_STANDARD_LIBRARIES = YES;
				ASSETCATALOG_COMPILER_APPICON_NAME = AppIcon;
				DEVELOPMENT_TEAM = PJX39ST98L;
				INFOPLIST_FILE = "Iris Manager/Info.plist";
				IPHONEOS_DEPLOYMENT_TARGET = 10.3;
				LD_RUNPATH_SEARCH_PATHS = "$(inherited) @executable_path/Frameworks";
				PRODUCT_BUNDLE_IDENTIFIER = "com.Axis.Iris-Manager";
				PRODUCT_NAME = "$(TARGET_NAME)";
				SWIFT_VERSION = 3.0;
				TARGETED_DEVICE_FAMILY = "1,2";
			};
			name = Debug;
		};
		53BB0AD61EAC4A3800870A95 /* Release */ = {
			isa = XCBuildConfiguration;
			baseConfigurationReference = E39D0FECB8F38255A555F937 /* Pods-Iris Manager.release.xcconfig */;
			buildSettings = {
				ALWAYS_EMBED_SWIFT_STANDARD_LIBRARIES = YES;
				ASSETCATALOG_COMPILER_APPICON_NAME = AppIcon;
				DEVELOPMENT_TEAM = PJX39ST98L;
				INFOPLIST_FILE = "Iris Manager/Info.plist";
				IPHONEOS_DEPLOYMENT_TARGET = 10.3;
				LD_RUNPATH_SEARCH_PATHS = "$(inherited) @executable_path/Frameworks";
				PRODUCT_BUNDLE_IDENTIFIER = "com.Axis.Iris-Manager";
				PRODUCT_NAME = "$(TARGET_NAME)";
				SWIFT_VERSION = 3.0;
				TARGETED_DEVICE_FAMILY = "1,2";
			};
			name = Release;
		};
/* End XCBuildConfiguration section */

/* Begin XCConfigurationList section */
		53BB0ABD1EAC4A3800870A95 /* Build configuration list for PBXProject "Iris Manager" */ = {
			isa = XCConfigurationList;
			buildConfigurations = (
				53BB0AD21EAC4A3800870A95 /* Debug */,
				53BB0AD31EAC4A3800870A95 /* Release */,
			);
			defaultConfigurationIsVisible = 0;
			defaultConfigurationName = Release;
		};
		53BB0AD41EAC4A3800870A95 /* Build configuration list for PBXNativeTarget "Iris Manager" */ = {
			isa = XCConfigurationList;
			buildConfigurations = (
				53BB0AD51EAC4A3800870A95 /* Debug */,
				53BB0AD61EAC4A3800870A95 /* Release */,
			);
			defaultConfigurationIsVisible = 0;
			defaultConfigurationName = Release;
		};
/* End XCConfigurationList section */
	};
	rootObject = 53BB0ABA1EAC4A3800870A95 /* Project object */;
}
